
Microsoft Visual Studio Solution File, Format Version 12.00
# Visual Studio Version 16
VisualStudioVersion = 16.0.29215.179
MinimumVisualStudioVersion = 10.0.40219.1
Project("{9A19103F-16F7-4668-BE54-9A1E7A4F7556}") = "Passenger.Api", "Passenger.Api.csproj", "{50698DA4-0B5F-4BBD-A098-824890E4FB6D}"
EndProject
Project("{9A19103F-16F7-4668-BE54-9A1E7A4F7556}") = "Passenger.Core", "..\Passenger.Core\Passenger.Core.csproj", "{268550E1-DF6E-4D8D-B695-8B78C73E4D7A}"
EndProject
Project("{9A19103F-16F7-4668-BE54-9A1E7A4F7556}") = "Passenger.Infrastructure", "..\Passenger.Infrastructure\Passenger.Infrastructure.csproj", "{6D443777-BF9C-44A1-B76B-46AFC493B1FE}"
EndProject
Global
	GlobalSection(SolutionConfigurationPlatforms) = preSolution
		Debug|Any CPU = Debug|Any CPU
		Release|Any CPU = Release|Any CPU
	EndGlobalSection
	GlobalSection(ProjectConfigurationPlatforms) = postSolution
		{50698DA4-0B5F-4BBD-A098-824890E4FB6D}.Debug|Any CPU.ActiveCfg = Debug|Any CPU
		{50698DA4-0B5F-4BBD-A098-824890E4FB6D}.Debug|Any CPU.Build.0 = Debug|Any CPU
		{50698DA4-0B5F-4BBD-A098-824890E4FB6D}.Release|Any CPU.ActiveCfg = Release|Any CPU
		{50698DA4-0B5F-4BBD-A098-824890E4FB6D}.Release|Any CPU.Build.0 = Release|Any CPU
		{268550E1-DF6E-4D8D-B695-8B78C73E4D7A}.Debug|Any CPU.ActiveCfg = Debug|Any CPU
		{268550E1-DF6E-4D8D-B695-8B78C73E4D7A}.Debug|Any CPU.Build.0 = Debug|Any CPU
		{268550E1-DF6E-4D8D-B695-8B78C73E4D7A}.Release|Any CPU.ActiveCfg = Release|Any CPU
		{268550E1-DF6E-4D8D-B695-8B78C73E4D7A}.Release|Any CPU.Build.0 = Release|Any CPU
		{6D443777-BF9C-44A1-B76B-46AFC493B1FE}.Debug|Any CPU.ActiveCfg = Debug|Any CPU
		{6D443777-BF9C-44A1-B76B-46AFC493B1FE}.Debug|Any CPU.Build.0 = Debug|Any CPU
		{6D443777-BF9C-44A1-B76B-46AFC493B1FE}.Release|Any CPU.ActiveCfg = Release|Any CPU
		{6D443777-BF9C-44A1-B76B-46AFC493B1FE}.Release|Any CPU.Build.0 = Release|Any CPU
	EndGlobalSection
	GlobalSection(SolutionProperties) = preSolution
		HideSolutionNode = FALSE
	EndGlobalSection
	GlobalSection(ExtensibilityGlobals) = postSolution
		SolutionGuid = {CC180845-1CC8-4D60-A7EF-BFD21FC9EE6F}
	EndGlobalSection
EndGlobal
