
Microsoft Visual Studio Solution File, Format Version 12.00
# Visual Studio Version 16
VisualStudioVersion = 16.0.29215.179
MinimumVisualStudioVersion = 10.0.40219.1
Project("{9A19103F-16F7-4668-BE54-9A1E7A4F7556}") = "Passenger.Core", "..\Passenger.Core\Passenger.Core.csproj", "{268550E1-DF6E-4D8D-B695-8B78C73E4D7A}"
EndProject
Project("{9A19103F-16F7-4668-BE54-9A1E7A4F7556}") = "Passenger.Infrastructure", "..\Passenger.Infrastructure\Passenger.Infrastructure.csproj", "{6D443777-BF9C-44A1-B76B-46AFC493B1FE}"
EndProject
Project("{9A19103F-16F7-4668-BE54-9A1E7A4F7556}") = "EngineringWork.UnitTest", "..\EngineringWork.UnitTest\EngineringWork.UnitTest.csproj", "{46334812-9976-486B-BD1B-43DA94BF949B}"
EndProject
Project("{9A19103F-16F7-4668-BE54-9A1E7A4F7556}") = "EningeringWork.TestEndToEnd", "..\EningeringWork.TestEndToEnd\EningeringWork.TestEndToEnd.csproj", "{76694D1A-64A0-429D-9963-262065863F4B}"
EndProject
Project("{9A19103F-16F7-4668-BE54-9A1E7A4F7556}") = "EngineeringWork.Api", "EngineeringWork.Api.csproj", "{43965201-0661-434A-8557-336661AAEC96}"
EndProject
Global
	GlobalSection(SolutionConfigurationPlatforms) = preSolution
		Debug|Any CPU = Debug|Any CPU
		Release|Any CPU = Release|Any CPU
	EndGlobalSection
	GlobalSection(ProjectConfigurationPlatforms) = postSolution
		{268550E1-DF6E-4D8D-B695-8B78C73E4D7A}.Debug|Any CPU.ActiveCfg = Debug|Any CPU
		{268550E1-DF6E-4D8D-B695-8B78C73E4D7A}.Debug|Any CPU.Build.0 = Debug|Any CPU
		{268550E1-DF6E-4D8D-B695-8B78C73E4D7A}.Release|Any CPU.ActiveCfg = Release|Any CPU
		{268550E1-DF6E-4D8D-B695-8B78C73E4D7A}.Release|Any CPU.Build.0 = Release|Any CPU
		{6D443777-BF9C-44A1-B76B-46AFC493B1FE}.Debug|Any CPU.ActiveCfg = Debug|Any CPU
		{6D443777-BF9C-44A1-B76B-46AFC493B1FE}.Debug|Any CPU.Build.0 = Debug|Any CPU
		{6D443777-BF9C-44A1-B76B-46AFC493B1FE}.Release|Any CPU.ActiveCfg = Release|Any CPU
		{6D443777-BF9C-44A1-B76B-46AFC493B1FE}.Release|Any CPU.Build.0 = Release|Any CPU
		{46334812-9976-486B-BD1B-43DA94BF949B}.Debug|Any CPU.ActiveCfg = Debug|Any CPU
		{46334812-9976-486B-BD1B-43DA94BF949B}.Debug|Any CPU.Build.0 = Debug|Any CPU
		{46334812-9976-486B-BD1B-43DA94BF949B}.Release|Any CPU.ActiveCfg = Release|Any CPU
		{46334812-9976-486B-BD1B-43DA94BF949B}.Release|Any CPU.Build.0 = Release|Any CPU
		{76694D1A-64A0-429D-9963-262065863F4B}.Debug|Any CPU.ActiveCfg = Debug|Any CPU
		{76694D1A-64A0-429D-9963-262065863F4B}.Debug|Any CPU.Build.0 = Debug|Any CPU
		{76694D1A-64A0-429D-9963-262065863F4B}.Release|Any CPU.ActiveCfg = Release|Any CPU
		{76694D1A-64A0-429D-9963-262065863F4B}.Release|Any CPU.Build.0 = Release|Any CPU
		{43965201-0661-434A-8557-336661AAEC96}.Debug|Any CPU.ActiveCfg = Debug|Any CPU
		{43965201-0661-434A-8557-336661AAEC96}.Debug|Any CPU.Build.0 = Debug|Any CPU
		{43965201-0661-434A-8557-336661AAEC96}.Release|Any CPU.ActiveCfg = Release|Any CPU
		{43965201-0661-434A-8557-336661AAEC96}.Release|Any CPU.Build.0 = Release|Any CPU
	EndGlobalSection
	GlobalSection(SolutionProperties) = preSolution
		HideSolutionNode = FALSE
	EndGlobalSection
	GlobalSection(ExtensibilityGlobals) = postSolution
		SolutionGuid = {CC180845-1CC8-4D60-A7EF-BFD21FC9EE6F}
	EndGlobalSection
EndGlobal
